{
  "name": "javascript_tasks_example",
  "version": "1.0.0",
  "lockfileVersion": 2,
  "requires": true,
  "packages": {
    "": {
      "name": "javascript_tasks_example",
      "version": "1.0.0",
      "license": "ISC",
      "devDependencies": {
        "custom_module": "file:custom_module"
      }
    },
    "custom_module": {
      "version": "1.0.0",
      "dev": true,
      "license": "ISC"
    },
    "node_modules/custom_module": {
      "resolved": "custom_module",
      "link": true
    }
  },
  "dependencies": {
    "custom_module": {
      "version": "file:custom_module"
    }
  }
}
